
Microsoft Visual Studio Solution File, Format Version 12.00
# Visual Studio Version 16
VisualStudioVersion = 16.0.31424.327
MinimumVisualStudioVersion = 10.0.40219.1
Project("{FAE04EC0-301F-11D3-BF4B-00C04F79EFBC}") = "HerramientasVS", "HerramientasVS\HerramientasVS.csproj", "{A0F8906F-915C-4BE0-944F-157B4FF5298D}"
EndProject
Global
	GlobalSection(SolutionConfigurationPlatforms) = preSolution
		Debug|Any CPU = Debug|Any CPU
		Release|Any CPU = Release|Any CPU
	EndGlobalSection
	GlobalSection(ProjectConfigurationPlatforms) = postSolution
		{A0F8906F-915C-4BE0-944F-157B4FF5298D}.Debug|Any CPU.ActiveCfg = Debug|Any CPU
		{A0F8906F-915C-4BE0-944F-157B4FF5298D}.Debug|Any CPU.Build.0 = Debug|Any CPU
		{A0F8906F-915C-4BE0-944F-157B4FF5298D}.Release|Any CPU.ActiveCfg = Release|Any CPU
		{A0F8906F-915C-4BE0-944F-157B4FF5298D}.Release|Any CPU.Build.0 = Release|Any CPU
	EndGlobalSection
	GlobalSection(SolutionProperties) = preSolution
		HideSolutionNode = FALSE
	EndGlobalSection
	GlobalSection(ExtensibilityGlobals) = postSolution
		SolutionGuid = {31895CE6-CD87-40C3-A23F-1AC7D2CD8E3C}
	EndGlobalSection
EndGlobal
