
Microsoft Visual Studio Solution File, Format Version 12.00
# Visual Studio Version 16
VisualStudioVersion = 16.0.31424.327
MinimumVisualStudioVersion = 10.0.40219.1
Project("{FAE04EC0-301F-11D3-BF4B-00C04F79EFBC}") = "Metodos", "Metodos\Metodos.csproj", "{FF709DBB-021E-4416-A3CB-FAD80427F1CF}"
EndProject
Global
	GlobalSection(SolutionConfigurationPlatforms) = preSolution
		Debug|Any CPU = Debug|Any CPU
		Release|Any CPU = Release|Any CPU
	EndGlobalSection
	GlobalSection(ProjectConfigurationPlatforms) = postSolution
		{FF709DBB-021E-4416-A3CB-FAD80427F1CF}.Debug|Any CPU.ActiveCfg = Debug|Any CPU
		{FF709DBB-021E-4416-A3CB-FAD80427F1CF}.Debug|Any CPU.Build.0 = Debug|Any CPU
		{FF709DBB-021E-4416-A3CB-FAD80427F1CF}.Release|Any CPU.ActiveCfg = Release|Any CPU
		{FF709DBB-021E-4416-A3CB-FAD80427F1CF}.Release|Any CPU.Build.0 = Release|Any CPU
	EndGlobalSection
	GlobalSection(SolutionProperties) = preSolution
		HideSolutionNode = FALSE
	EndGlobalSection
	GlobalSection(ExtensibilityGlobals) = postSolution
		SolutionGuid = {1D2E5A51-EEA0-4204-BF0A-FE78F33ED29A}
	EndGlobalSection
EndGlobal
