
Microsoft Visual Studio Solution File, Format Version 12.00
# Visual Studio Version 16
VisualStudioVersion = 16.0.31424.327
MinimumVisualStudioVersion = 10.0.40219.1
Project("{FAE04EC0-301F-11D3-BF4B-00C04F79EFBC}") = "Exepciones", "Exepciones\Exepciones.csproj", "{93584459-D930-44F0-BF93-7085A831DCEC}"
EndProject
Project("{FAE04EC0-301F-11D3-BF4B-00C04F79EFBC}") = "Finally", "Finally\Finally.csproj", "{C6680709-274E-4B02-AFAD-1D20343B9816}"
EndProject
Global
	GlobalSection(SolutionConfigurationPlatforms) = preSolution
		Debug|Any CPU = Debug|Any CPU
		Release|Any CPU = Release|Any CPU
	EndGlobalSection
	GlobalSection(ProjectConfigurationPlatforms) = postSolution
		{93584459-D930-44F0-BF93-7085A831DCEC}.Debug|Any CPU.ActiveCfg = Debug|Any CPU
		{93584459-D930-44F0-BF93-7085A831DCEC}.Debug|Any CPU.Build.0 = Debug|Any CPU
		{93584459-D930-44F0-BF93-7085A831DCEC}.Release|Any CPU.ActiveCfg = Release|Any CPU
		{93584459-D930-44F0-BF93-7085A831DCEC}.Release|Any CPU.Build.0 = Release|Any CPU
		{C6680709-274E-4B02-AFAD-1D20343B9816}.Debug|Any CPU.ActiveCfg = Debug|Any CPU
		{C6680709-274E-4B02-AFAD-1D20343B9816}.Debug|Any CPU.Build.0 = Debug|Any CPU
		{C6680709-274E-4B02-AFAD-1D20343B9816}.Release|Any CPU.ActiveCfg = Release|Any CPU
		{C6680709-274E-4B02-AFAD-1D20343B9816}.Release|Any CPU.Build.0 = Release|Any CPU
	EndGlobalSection
	GlobalSection(SolutionProperties) = preSolution
		HideSolutionNode = FALSE
	EndGlobalSection
	GlobalSection(ExtensibilityGlobals) = postSolution
		SolutionGuid = {E37F33FC-EEAC-4AFA-ACF9-15E2E0B45E22}
	EndGlobalSection
EndGlobal
