
Microsoft Visual Studio Solution File, Format Version 12.00
# Visual Studio Version 16
VisualStudioVersion = 16.0.31424.327
MinimumVisualStudioVersion = 10.0.40219.1
Project("{FAE04EC0-301F-11D3-BF4B-00C04F79EFBC}") = "EjmploArray", "EjmploArray\EjmploArray.csproj", "{DA3E69BB-9EAE-4A69-A5CC-2BE0A1AF53BE}"
EndProject
Global
	GlobalSection(SolutionConfigurationPlatforms) = preSolution
		Debug|Any CPU = Debug|Any CPU
		Release|Any CPU = Release|Any CPU
	EndGlobalSection
	GlobalSection(ProjectConfigurationPlatforms) = postSolution
		{DA3E69BB-9EAE-4A69-A5CC-2BE0A1AF53BE}.Debug|Any CPU.ActiveCfg = Debug|Any CPU
		{DA3E69BB-9EAE-4A69-A5CC-2BE0A1AF53BE}.Debug|Any CPU.Build.0 = Debug|Any CPU
		{DA3E69BB-9EAE-4A69-A5CC-2BE0A1AF53BE}.Release|Any CPU.ActiveCfg = Release|Any CPU
		{DA3E69BB-9EAE-4A69-A5CC-2BE0A1AF53BE}.Release|Any CPU.Build.0 = Release|Any CPU
	EndGlobalSection
	GlobalSection(SolutionProperties) = preSolution
		HideSolutionNode = FALSE
	EndGlobalSection
	GlobalSection(ExtensibilityGlobals) = postSolution
		SolutionGuid = {8FB755F0-E65F-4EE7-A660-505B1765A747}
	EndGlobalSection
EndGlobal
