
Microsoft Visual Studio Solution File, Format Version 12.00
# Visual Studio Version 16
VisualStudioVersion = 16.0.31424.327
MinimumVisualStudioVersion = 10.0.40219.1
Project("{FAE04EC0-301F-11D3-BF4B-00C04F79EFBC}") = "UsoCoche", "UsoCoche\UsoCoche.csproj", "{DA2CC85A-BDF6-439F-BF49-A9213DB35AA9}"
EndProject
Global
	GlobalSection(SolutionConfigurationPlatforms) = preSolution
		Debug|Any CPU = Debug|Any CPU
		Release|Any CPU = Release|Any CPU
	EndGlobalSection
	GlobalSection(ProjectConfigurationPlatforms) = postSolution
		{DA2CC85A-BDF6-439F-BF49-A9213DB35AA9}.Debug|Any CPU.ActiveCfg = Debug|Any CPU
		{DA2CC85A-BDF6-439F-BF49-A9213DB35AA9}.Debug|Any CPU.Build.0 = Debug|Any CPU
		{DA2CC85A-BDF6-439F-BF49-A9213DB35AA9}.Release|Any CPU.ActiveCfg = Release|Any CPU
		{DA2CC85A-BDF6-439F-BF49-A9213DB35AA9}.Release|Any CPU.Build.0 = Release|Any CPU
	EndGlobalSection
	GlobalSection(SolutionProperties) = preSolution
		HideSolutionNode = FALSE
	EndGlobalSection
	GlobalSection(ExtensibilityGlobals) = postSolution
		SolutionGuid = {BFF77EA2-86A6-422F-B65C-3607C14C0BD8}
	EndGlobalSection
EndGlobal
